
Microsoft Visual Studio Solution File, Format Version 12.00
# Visual Studio 14
VisualStudioVersion = 14.0.24720.0
MinimumVisualStudioVersion = 10.0.40219.1
Project("{FAE04EC0-301F-11D3-BF4B-00C04F79EFBC}") = "Happer.Logging", "Happer.Logging\Happer.Logging.csproj", "{7ADA144A-A176-437B-812E-889B6AA2536E}"
EndProject
Project("{FAE04EC0-301F-11D3-BF4B-00C04F79EFBC}") = "Happer.Logging.NLogIntegration", "Happer.Logging.NLogIntegration\Happer.Logging.NLogIntegration.csproj", "{BE0E384E-A89C-4CC1-AE7C-E390AC8349F3}"
EndProject
Project("{FAE04EC0-301F-11D3-BF4B-00C04F79EFBC}") = "Happer.Buffer", "Happer.Buffer\Happer.Buffer.csproj", "{555192B1-C597-4279-BF19-00CA30C6DF8D}"
EndProject
Project("{FAE04EC0-301F-11D3-BF4B-00C04F79EFBC}") = "Happer.Http", "Happer.Http\Happer.Http.csproj", "{7EB615AE-71B7-4D75-8E43-1CEF143E0B33}"
EndProject
Project("{FAE04EC0-301F-11D3-BF4B-00C04F79EFBC}") = "Happer.Http.WebSockets", "Happer.Http.WebSockets\Happer.Http.WebSockets.csproj", "{47E06681-38E9-46C0-8AAE-00535845D42D}"
EndProject
Project("{FAE04EC0-301F-11D3-BF4B-00C04F79EFBC}") = "Happer.Hosting", "Happer.Hosting\Happer.Hosting.csproj", "{8FB75B54-A8D7-42B0-8E14-80CB48B91497}"
EndProject
Project("{2150E333-8FDC-42A3-9474-1A3956D46DE8}") = "Solution Items", "Solution Items", "{2F985521-BC42-4BD8-9CB3-88354F078C9A}"
	ProjectSection(SolutionItems) = preProject
		..\LICENSE = ..\LICENSE
		..\README.md = ..\README.md
		SolutionVersion.cs = SolutionVersion.cs
	EndProjectSection
EndProject
Project("{2150E333-8FDC-42A3-9474-1A3956D46DE8}") = "Tests", "Tests", "{8AFF4258-7591-43E2-B7AC-CF442F44DEF0}"
EndProject
Project("{FAE04EC0-301F-11D3-BF4B-00C04F79EFBC}") = "Happer.TestHttpServer", "Tests\Happer.TestHttpServer\Happer.TestHttpServer.csproj", "{1DFCD593-8814-4DCE-82D8-7F7DC9BE5BD4}"
EndProject
Project("{FAE04EC0-301F-11D3-BF4B-00C04F79EFBC}") = "Happer.TestHttpClient", "Tests\Happer.TestHttpClient\Happer.TestHttpClient.csproj", "{3231D52B-1EE7-4CD5-B72D-96E8DC267E68}"
EndProject
Project("{FAE04EC0-301F-11D3-BF4B-00C04F79EFBC}") = "Happer.Buffer.UnitTests", "Tests\Happer.Buffer.UnitTests\Happer.Buffer.UnitTests.csproj", "{7455E3BD-6343-4A51-A61A-CEEEDFE146D3}"
EndProject
Project("{2150E333-8FDC-42A3-9474-1A3956D46DE8}") = "Logging", "Logging", "{AD9DF6C4-BA79-4B4E-985C-EE1021B3DCCF}"
EndProject
Global
	GlobalSection(SolutionConfigurationPlatforms) = preSolution
		Debug|Any CPU = Debug|Any CPU
		Release|Any CPU = Release|Any CPU
	EndGlobalSection
	GlobalSection(ProjectConfigurationPlatforms) = postSolution
		{7ADA144A-A176-437B-812E-889B6AA2536E}.Debug|Any CPU.ActiveCfg = Debug|Any CPU
		{7ADA144A-A176-437B-812E-889B6AA2536E}.Debug|Any CPU.Build.0 = Debug|Any CPU
		{7ADA144A-A176-437B-812E-889B6AA2536E}.Release|Any CPU.ActiveCfg = Release|Any CPU
		{7ADA144A-A176-437B-812E-889B6AA2536E}.Release|Any CPU.Build.0 = Release|Any CPU
		{BE0E384E-A89C-4CC1-AE7C-E390AC8349F3}.Debug|Any CPU.ActiveCfg = Debug|Any CPU
		{BE0E384E-A89C-4CC1-AE7C-E390AC8349F3}.Debug|Any CPU.Build.0 = Debug|Any CPU
		{BE0E384E-A89C-4CC1-AE7C-E390AC8349F3}.Release|Any CPU.ActiveCfg = Release|Any CPU
		{BE0E384E-A89C-4CC1-AE7C-E390AC8349F3}.Release|Any CPU.Build.0 = Release|Any CPU
		{555192B1-C597-4279-BF19-00CA30C6DF8D}.Debug|Any CPU.ActiveCfg = Debug|Any CPU
		{555192B1-C597-4279-BF19-00CA30C6DF8D}.Debug|Any CPU.Build.0 = Debug|Any CPU
		{555192B1-C597-4279-BF19-00CA30C6DF8D}.Release|Any CPU.ActiveCfg = Release|Any CPU
		{555192B1-C597-4279-BF19-00CA30C6DF8D}.Release|Any CPU.Build.0 = Release|Any CPU
		{7EB615AE-71B7-4D75-8E43-1CEF143E0B33}.Debug|Any CPU.ActiveCfg = Debug|Any CPU
		{7EB615AE-71B7-4D75-8E43-1CEF143E0B33}.Debug|Any CPU.Build.0 = Debug|Any CPU
		{7EB615AE-71B7-4D75-8E43-1CEF143E0B33}.Release|Any CPU.ActiveCfg = Release|Any CPU
		{7EB615AE-71B7-4D75-8E43-1CEF143E0B33}.Release|Any CPU.Build.0 = Release|Any CPU
		{47E06681-38E9-46C0-8AAE-00535845D42D}.Debug|Any CPU.ActiveCfg = Debug|Any CPU
		{47E06681-38E9-46C0-8AAE-00535845D42D}.Debug|Any CPU.Build.0 = Debug|Any CPU
		{47E06681-38E9-46C0-8AAE-00535845D42D}.Release|Any CPU.ActiveCfg = Release|Any CPU
		{47E06681-38E9-46C0-8AAE-00535845D42D}.Release|Any CPU.Build.0 = Release|Any CPU
		{8FB75B54-A8D7-42B0-8E14-80CB48B91497}.Debug|Any CPU.ActiveCfg = Debug|Any CPU
		{8FB75B54-A8D7-42B0-8E14-80CB48B91497}.Debug|Any CPU.Build.0 = Debug|Any CPU
		{8FB75B54-A8D7-42B0-8E14-80CB48B91497}.Release|Any CPU.ActiveCfg = Release|Any CPU
		{8FB75B54-A8D7-42B0-8E14-80CB48B91497}.Release|Any CPU.Build.0 = Release|Any CPU
		{1DFCD593-8814-4DCE-82D8-7F7DC9BE5BD4}.Debug|Any CPU.ActiveCfg = Debug|Any CPU
		{1DFCD593-8814-4DCE-82D8-7F7DC9BE5BD4}.Debug|Any CPU.Build.0 = Debug|Any CPU
		{1DFCD593-8814-4DCE-82D8-7F7DC9BE5BD4}.Release|Any CPU.ActiveCfg = Release|Any CPU
		{1DFCD593-8814-4DCE-82D8-7F7DC9BE5BD4}.Release|Any CPU.Build.0 = Release|Any CPU
		{3231D52B-1EE7-4CD5-B72D-96E8DC267E68}.Debug|Any CPU.ActiveCfg = Debug|Any CPU
		{3231D52B-1EE7-4CD5-B72D-96E8DC267E68}.Debug|Any CPU.Build.0 = Debug|Any CPU
		{3231D52B-1EE7-4CD5-B72D-96E8DC267E68}.Release|Any CPU.ActiveCfg = Release|Any CPU
		{3231D52B-1EE7-4CD5-B72D-96E8DC267E68}.Release|Any CPU.Build.0 = Release|Any CPU
		{7455E3BD-6343-4A51-A61A-CEEEDFE146D3}.Debug|Any CPU.ActiveCfg = Debug|Any CPU
		{7455E3BD-6343-4A51-A61A-CEEEDFE146D3}.Debug|Any CPU.Build.0 = Debug|Any CPU
		{7455E3BD-6343-4A51-A61A-CEEEDFE146D3}.Release|Any CPU.ActiveCfg = Release|Any CPU
		{7455E3BD-6343-4A51-A61A-CEEEDFE146D3}.Release|Any CPU.Build.0 = Release|Any CPU
	EndGlobalSection
	GlobalSection(SolutionProperties) = preSolution
		HideSolutionNode = FALSE
	EndGlobalSection
	GlobalSection(NestedProjects) = preSolution
		{7ADA144A-A176-437B-812E-889B6AA2536E} = {AD9DF6C4-BA79-4B4E-985C-EE1021B3DCCF}
		{BE0E384E-A89C-4CC1-AE7C-E390AC8349F3} = {AD9DF6C4-BA79-4B4E-985C-EE1021B3DCCF}
		{1DFCD593-8814-4DCE-82D8-7F7DC9BE5BD4} = {8AFF4258-7591-43E2-B7AC-CF442F44DEF0}
		{3231D52B-1EE7-4CD5-B72D-96E8DC267E68} = {8AFF4258-7591-43E2-B7AC-CF442F44DEF0}
		{7455E3BD-6343-4A51-A61A-CEEEDFE146D3} = {8AFF4258-7591-43E2-B7AC-CF442F44DEF0}
	EndGlobalSection
EndGlobal
