
Microsoft Visual Studio Solution File, Format Version 12.00
# Visual Studio 15
VisualStudioVersion = 15.0.26730.16
MinimumVisualStudioVersion = 10.0.40219.1
Project("{FAE04EC0-301F-11D3-BF4B-00C04F79EFBC}") = "Happer.Http", "Happer.Http\Happer.Http.csproj", "{7EB615AE-71B7-4D75-8E43-1CEF143E0B33}"
EndProject
Project("{FAE04EC0-301F-11D3-BF4B-00C04F79EFBC}") = "Happer.Hosting", "Happer.Hosting\Happer.Hosting.csproj", "{8FB75B54-A8D7-42B0-8E14-80CB48B91497}"
EndProject
Project("{2150E333-8FDC-42A3-9474-1A3956D46DE8}") = "Solution Items", "Solution Items", "{2F985521-BC42-4BD8-9CB3-88354F078C9A}"
	ProjectSection(SolutionItems) = preProject
		Happer.Hosting\Happer.Hosting.nuspec = Happer.Hosting\Happer.Hosting.nuspec
		Happer.Metrics\Happer.Metrics.nuspec = Happer.Metrics\Happer.Metrics.nuspec
		..\LICENSE = ..\LICENSE
		..\.nuget\NuGet.md = ..\.nuget\NuGet.md
		..\README.md = ..\README.md
		SolutionVersion.cs = SolutionVersion.cs
	EndProjectSection
EndProject
Project("{2150E333-8FDC-42A3-9474-1A3956D46DE8}") = "Tests", "Tests", "{8AFF4258-7591-43E2-B7AC-CF442F44DEF0}"
EndProject
Project("{FAE04EC0-301F-11D3-BF4B-00C04F79EFBC}") = "Happer.TestHttpServer", "Tests\Happer.TestHttpServer\Happer.TestHttpServer.csproj", "{1DFCD593-8814-4DCE-82D8-7F7DC9BE5BD4}"
EndProject
Project("{FAE04EC0-301F-11D3-BF4B-00C04F79EFBC}") = "Happer.Metrics", "Happer.Metrics\Happer.Metrics.csproj", "{2ED5D49A-2E31-46A1-9625-1BC858C1A6AE}"
EndProject
Project("{FAE04EC0-301F-11D3-BF4B-00C04F79EFBC}") = "Happer.TestHttpClient", "Tests\Happer.TestHttpClient\Happer.TestHttpClient.csproj", "{3D4790DA-3BA6-4201-B802-059593FB5467}"
EndProject
Project("{FAE04EC0-301F-11D3-BF4B-00C04F79EFBC}") = "Happer.TestHttpBenchmarker", "Tests\Happer.TestHttpBenchmarker\Happer.TestHttpBenchmarker.csproj", "{93744D90-EC58-41BC-AC06-697B25D89475}"
EndProject
Project("{FAE04EC0-301F-11D3-BF4B-00C04F79EFBC}") = "Happer.TestNancyServer", "Tests\Happer.TestNancyServer\Happer.TestNancyServer.csproj", "{5D3BDA72-585E-43F8-A00F-A60FE4791317}"
EndProject
Global
	GlobalSection(SolutionConfigurationPlatforms) = preSolution
		Debug|Any CPU = Debug|Any CPU
		Release|Any CPU = Release|Any CPU
	EndGlobalSection
	GlobalSection(ProjectConfigurationPlatforms) = postSolution
		{7EB615AE-71B7-4D75-8E43-1CEF143E0B33}.Debug|Any CPU.ActiveCfg = Debug|Any CPU
		{7EB615AE-71B7-4D75-8E43-1CEF143E0B33}.Debug|Any CPU.Build.0 = Debug|Any CPU
		{7EB615AE-71B7-4D75-8E43-1CEF143E0B33}.Release|Any CPU.ActiveCfg = Release|Any CPU
		{7EB615AE-71B7-4D75-8E43-1CEF143E0B33}.Release|Any CPU.Build.0 = Release|Any CPU
		{8FB75B54-A8D7-42B0-8E14-80CB48B91497}.Debug|Any CPU.ActiveCfg = Debug|Any CPU
		{8FB75B54-A8D7-42B0-8E14-80CB48B91497}.Debug|Any CPU.Build.0 = Debug|Any CPU
		{8FB75B54-A8D7-42B0-8E14-80CB48B91497}.Release|Any CPU.ActiveCfg = Release|Any CPU
		{8FB75B54-A8D7-42B0-8E14-80CB48B91497}.Release|Any CPU.Build.0 = Release|Any CPU
		{1DFCD593-8814-4DCE-82D8-7F7DC9BE5BD4}.Debug|Any CPU.ActiveCfg = Debug|Any CPU
		{1DFCD593-8814-4DCE-82D8-7F7DC9BE5BD4}.Debug|Any CPU.Build.0 = Debug|Any CPU
		{1DFCD593-8814-4DCE-82D8-7F7DC9BE5BD4}.Release|Any CPU.ActiveCfg = Release|Any CPU
		{1DFCD593-8814-4DCE-82D8-7F7DC9BE5BD4}.Release|Any CPU.Build.0 = Release|Any CPU
		{2ED5D49A-2E31-46A1-9625-1BC858C1A6AE}.Debug|Any CPU.ActiveCfg = Debug|Any CPU
		{2ED5D49A-2E31-46A1-9625-1BC858C1A6AE}.Debug|Any CPU.Build.0 = Debug|Any CPU
		{2ED5D49A-2E31-46A1-9625-1BC858C1A6AE}.Release|Any CPU.ActiveCfg = Release|Any CPU
		{2ED5D49A-2E31-46A1-9625-1BC858C1A6AE}.Release|Any CPU.Build.0 = Release|Any CPU
		{3D4790DA-3BA6-4201-B802-059593FB5467}.Debug|Any CPU.ActiveCfg = Debug|Any CPU
		{3D4790DA-3BA6-4201-B802-059593FB5467}.Debug|Any CPU.Build.0 = Debug|Any CPU
		{3D4790DA-3BA6-4201-B802-059593FB5467}.Release|Any CPU.ActiveCfg = Release|Any CPU
		{3D4790DA-3BA6-4201-B802-059593FB5467}.Release|Any CPU.Build.0 = Release|Any CPU
		{93744D90-EC58-41BC-AC06-697B25D89475}.Debug|Any CPU.ActiveCfg = Debug|Any CPU
		{93744D90-EC58-41BC-AC06-697B25D89475}.Debug|Any CPU.Build.0 = Debug|Any CPU
		{93744D90-EC58-41BC-AC06-697B25D89475}.Release|Any CPU.ActiveCfg = Release|Any CPU
		{93744D90-EC58-41BC-AC06-697B25D89475}.Release|Any CPU.Build.0 = Release|Any CPU
		{5D3BDA72-585E-43F8-A00F-A60FE4791317}.Debug|Any CPU.ActiveCfg = Debug|Any CPU
		{5D3BDA72-585E-43F8-A00F-A60FE4791317}.Debug|Any CPU.Build.0 = Debug|Any CPU
		{5D3BDA72-585E-43F8-A00F-A60FE4791317}.Release|Any CPU.ActiveCfg = Release|Any CPU
		{5D3BDA72-585E-43F8-A00F-A60FE4791317}.Release|Any CPU.Build.0 = Release|Any CPU
	EndGlobalSection
	GlobalSection(SolutionProperties) = preSolution
		HideSolutionNode = FALSE
	EndGlobalSection
	GlobalSection(NestedProjects) = preSolution
		{1DFCD593-8814-4DCE-82D8-7F7DC9BE5BD4} = {8AFF4258-7591-43E2-B7AC-CF442F44DEF0}
		{3D4790DA-3BA6-4201-B802-059593FB5467} = {8AFF4258-7591-43E2-B7AC-CF442F44DEF0}
		{93744D90-EC58-41BC-AC06-697B25D89475} = {8AFF4258-7591-43E2-B7AC-CF442F44DEF0}
		{5D3BDA72-585E-43F8-A00F-A60FE4791317} = {8AFF4258-7591-43E2-B7AC-CF442F44DEF0}
	EndGlobalSection
	GlobalSection(ExtensibilityGlobals) = postSolution
		SolutionGuid = {39C51445-2A3E-456C-AF7D-8D3DE62AEDD5}
	EndGlobalSection
EndGlobal
